// !$*UTF8*$!
{
	archiveVersion = 1;
	classes = {
	};
	objectVersion = 50;
	objects = {

/* Begin PBXBuildFile section */
		E250039424B9F58700668971 /* AppDelegate.swift in Sources */ = {isa = PBXBuildFile; fileRef = E250039324B9F58700668971 /* AppDelegate.swift */; };
		E250039624B9F58700668971 /* SceneDelegate.swift in Sources */ = {isa = PBXBuildFile; fileRef = E250039524B9F58700668971 /* SceneDelegate.swift */; };
		E250039824B9F58700668971 /* ContentView.swift in Sources */ = {isa = PBXBuildFile; fileRef = E250039724B9F58700668971 /* ContentView.swift */; };
		E250039A24B9F58900668971 /* Assets.xcassets in Resources */ = {isa = PBXBuildFile; fileRef = E250039924B9F58900668971 /* Assets.xcassets */; };
		E250039D24B9F58900668971 /* Preview Assets.xcassets in Resources */ = {isa = PBXBuildFile; fileRef = E250039C24B9F58900668971 /* Preview Assets.xcassets */; };
		E25003A024B9F58900668971 /* LaunchScreen.storyboard in Resources */ = {isa = PBXBuildFile; fileRef = E250039E24B9F58900668971 /* LaunchScreen.storyboard */; };
		FD4CB349254F1AD400BDCCA2 /* ModifyingStateView.swift in Sources */ = {isa = PBXBuildFile; fileRef = FD4CB348254F1AD400BDCCA2 /* ModifyingStateView.swift */; };
		FD4CB34C254F1C2C00BDCCA2 /* BindingStateToView.swift in Sources */ = {isa = PBXBuildFile; fileRef = FD4CB34B254F1C2C00BDCCA2 /* BindingStateToView.swift */; };
		FD4CB34F254F1DD900BDCCA2 /* ArrayOfLoopView.swift in Sources */ = {isa = PBXBuildFile; fileRef = FD4CB34E254F1DD900BDCCA2 /* ArrayOfLoopView.swift */; };
		FD8ADC6D2569588D0023DA8F /* ReadingTextField.swift in Sources */ = {isa = PBXBuildFile; fileRef = FD8ADC6C2569588D0023DA8F /* ReadingTextField.swift */; };
		FDF91D642611444700877D54 /* SegmentedControlTips.swift in Sources */ = {isa = PBXBuildFile; fileRef = FDF91D632611444700877D54 /* SegmentedControlTips.swift */; };
/* End PBXBuildFile section */

/* Begin PBXFileReference section */
		E250039024B9F58700668971 /* WeSplit.app */ = {isa = PBXFileReference; explicitFileType = wrapper.application; includeInIndex = 0; path = WeSplit.app; sourceTree = BUILT_PRODUCTS_DIR; };
		E250039324B9F58700668971 /* AppDelegate.swift */ = {isa = PBXFileReference; lastKnownFileType = sourcecode.swift; path = AppDelegate.swift; sourceTree = "<group>"; };
		E250039524B9F58700668971 /* SceneDelegate.swift */ = {isa = PBXFileReference; lastKnownFileType = sourcecode.swift; path = SceneDelegate.swift; sourceTree = "<group>"; };
		E250039724B9F58700668971 /* ContentView.swift */ = {isa = PBXFileReference; lastKnownFileType = sourcecode.swift; path = ContentView.swift; sourceTree = "<group>"; };
		E250039924B9F58900668971 /* Assets.xcassets */ = {isa = PBXFileReference; lastKnownFileType = folder.assetcatalog; path = Assets.xcassets; sourceTree = "<group>"; };
		E250039C24B9F58900668971 /* Preview Assets.xcassets */ = {isa = PBXFileReference; lastKnownFileType = folder.assetcatalog; path = "Preview Assets.xcassets"; sourceTree = "<group>"; };
		E250039F24B9F58900668971 /* Base */ = {isa = PBXFileReference; lastKnownFileType = file.storyboard; name = Base; path = Base.lproj/LaunchScreen.storyboard; sourceTree = "<group>"; };
		E25003A124B9F58900668971 /* Info.plist */ = {isa = PBXFileReference; lastKnownFileType = text.plist.xml; path = Info.plist; sourceTree = "<group>"; };
		FD4CB348254F1AD400BDCCA2 /* ModifyingStateView.swift */ = {isa = PBXFileReference; lastKnownFileType = sourcecode.swift; path = ModifyingStateView.swift; sourceTree = "<group>"; };
		FD4CB34B254F1C2C00BDCCA2 /* BindingStateToView.swift */ = {isa = PBXFileReference; lastKnownFileType = sourcecode.swift; path = BindingStateToView.swift; sourceTree = "<group>"; };
		FD4CB34E254F1DD900BDCCA2 /* ArrayOfLoopView.swift */ = {isa = PBXFileReference; lastKnownFileType = sourcecode.swift; path = ArrayOfLoopView.swift; sourceTree = "<group>"; };
		FD8ADC6C2569588D0023DA8F /* ReadingTextField.swift */ = {isa = PBXFileReference; lastKnownFileType = sourcecode.swift; path = ReadingTextField.swift; sourceTree = "<group>"; };
		FDF91D632611444700877D54 /* SegmentedControlTips.swift */ = {isa = PBXFileReference; lastKnownFileType = sourcecode.swift; path = SegmentedControlTips.swift; sourceTree = "<group>"; };
/* End PBXFileReference section */

/* Begin PBXFrameworksBuildPhase section */
		E250038D24B9F58700668971 /* Frameworks */ = {
			isa = PBXFrameworksBuildPhase;
			buildActionMask = 2147483647;
			files = (
			);
			runOnlyForDeploymentPostprocessing = 0;
		};
/* End PBXFrameworksBuildPhase section */

/* Begin PBXGroup section */
		E250038724B9F58700668971 = {
			isa = PBXGroup;
			children = (
				E250039224B9F58700668971 /* WeSplit */,
				E250039124B9F58700668971 /* Products */,
			);
			sourceTree = "<group>";
		};
		E250039124B9F58700668971 /* Products */ = {
			isa = PBXGroup;
			children = (
				E250039024B9F58700668971 /* WeSplit.app */,
			);
			name = Products;
			sourceTree = "<group>";
		};
		E250039224B9F58700668971 /* WeSplit */ = {
			isa = PBXGroup;
			children = (
				E250039324B9F58700668971 /* AppDelegate.swift */,
				E250039524B9F58700668971 /* SceneDelegate.swift */,
				E250039724B9F58700668971 /* ContentView.swift */,
				FD4CB348254F1AD400BDCCA2 /* ModifyingStateView.swift */,
				FD4CB34B254F1C2C00BDCCA2 /* BindingStateToView.swift */,
				FD4CB34E254F1DD900BDCCA2 /* ArrayOfLoopView.swift */,
				FD8ADC6C2569588D0023DA8F /* ReadingTextField.swift */,
				FDF91D632611444700877D54 /* SegmentedControlTips.swift */,
				E250039924B9F58900668971 /* Assets.xcassets */,
				E250039E24B9F58900668971 /* LaunchScreen.storyboard */,
				E25003A124B9F58900668971 /* Info.plist */,
				E250039B24B9F58900668971 /* Preview Content */,
			);
			path = WeSplit;
			sourceTree = "<group>";
		};
		E250039B24B9F58900668971 /* Preview Content */ = {
			isa = PBXGroup;
			children = (
				E250039C24B9F58900668971 /* Preview Assets.xcassets */,
			);
			path = "Preview Content";
			sourceTree = "<group>";
		};
/* End PBXGroup section */

/* Begin PBXNativeTarget section */
		E250038F24B9F58700668971 /* WeSplit */ = {
			isa = PBXNativeTarget;
			buildConfigurationList = E25003A424B9F58900668971 /* Build configuration list for PBXNativeTarget "WeSplit" */;
			buildPhases = (
				E250038C24B9F58700668971 /* Sources */,
				E250038D24B9F58700668971 /* Frameworks */,
				E250038E24B9F58700668971 /* Resources */,
			);
			buildRules = (
			);
			dependencies = (
			);
			name = WeSplit;
			productName = WeSplit;
			productReference = E250039024B9F58700668971 /* WeSplit.app */;
			productType = "com.apple.product-type.application";
		};
/* End PBXNativeTarget section */

/* Begin PBXProject section */
		E250038824B9F58700668971 /* Project object */ = {
			isa = PBXProject;
			attributes = {
				LastSwiftUpdateCheck = 1150;
				LastUpgradeCheck = 1150;
				ORGANIZATIONNAME = "Pranav Kasetti";
				TargetAttributes = {
					E250038F24B9F58700668971 = {
						CreatedOnToolsVersion = 11.5;
					};
				};
			};
			buildConfigurationList = E250038B24B9F58700668971 /* Build configuration list for PBXProject "WeSplit" */;
			compatibilityVersion = "Xcode 9.3";
			developmentRegion = en;
			hasScannedForEncodings = 0;
			knownRegions = (
				en,
				Base,
			);
			mainGroup = E250038724B9F58700668971;
			productRefGroup = E250039124B9F58700668971 /* Products */;
			projectDirPath = "";
			projectRoot = "";
			targets = (
				E250038F24B9F58700668971 /* WeSplit */,
			);
		};
/* End PBXProject section */

/* Begin PBXResourcesBuildPhase section */
		E250038E24B9F58700668971 /* Resources */ = {
			isa = PBXResourcesBuildPhase;
			buildActionMask = 2147483647;
			files = (
				E25003A024B9F58900668971 /* LaunchScreen.storyboard in Resources */,
				E250039D24B9F58900668971 /* Preview Assets.xcassets in Resources */,
				E250039A24B9F58900668971 /* Assets.xcassets in Resources */,
			);
			runOnlyForDeploymentPostprocessing = 0;
		};
/* End PBXResourcesBuildPhase section */

/* Begin PBXSourcesBuildPhase section */
		E250038C24B9F58700668971 /* Sources */ = {
			isa = PBXSourcesBuildPhase;
			buildActionMask = 2147483647;
			files = (
				E250039424B9F58700668971 /* AppDelegate.swift in Sources */,
				FD8ADC6D2569588D0023DA8F /* ReadingTextField.swift in Sources */,
				FDF91D642611444700877D54 /* SegmentedControlTips.swift in Sources */,
				FD4CB349254F1AD400BDCCA2 /* ModifyingStateView.swift in Sources */,
				E250039624B9F58700668971 /* SceneDelegate.swift in Sources */,
				FD4CB34F254F1DD900BDCCA2 /* ArrayOfLoopView.swift in Sources */,
				E250039824B9F58700668971 /* ContentView.swift in Sources */,
				FD4CB34C254F1C2C00BDCCA2 /* BindingStateToView.swift in Sources */,
			);
			runOnlyForDeploymentPostprocessing = 0;
		};
/* End PBXSourcesBuildPhase section */

/* Begin PBXVariantGroup section */
		E250039E24B9F58900668971 /* LaunchScreen.storyboard */ = {
			isa = PBXVariantGroup;
			children = (
				E250039F24B9F58900668971 /* Base */,
			);
			name = LaunchScreen.storyboard;
			sourceTree = "<group>";
		};
/* End PBXVariantGroup section */

/* Begin XCBuildConfiguration section */
		E25003A224B9F58900668971 /* Debug */ = {
			isa = XCBuildConfiguration;
			buildSettings = {
				ALWAYS_SEARCH_USER_PATHS = NO;
				CLANG_ANALYZER_NONNULL = YES;
				CLANG_ANALYZER_NUMBER_OBJECT_CONVERSION = YES_AGGRESSIVE;
				CLANG_CXX_LANGUAGE_STANDARD = "gnu++14";
				CLANG_CXX_LIBRARY = "libc++";
				CLANG_ENABLE_MODULES = YES;
				CLANG_ENABLE_OBJC_ARC = YES;
				CLANG_ENABLE_OBJC_WEAK = YES;
				CLANG_WARN_BLOCK_CAPTURE_AUTORELEASING = YES;
				CLANG_WARN_BOOL_CONVERSION = YES;
				CLANG_WARN_COMMA = YES;
				CLANG_WARN_CONSTANT_CONVERSION = YES;
				CLANG_WARN_DEPRECATED_OBJC_IMPLEMENTATIONS = YES;
				CLANG_WARN_DIRECT_OBJC_ISA_USAGE = YES_ERROR;
				CLANG_WARN_DOCUMENTATION_COMMENTS = YES;
				CLANG_WARN_EMPTY_BODY = YES;
				CLANG_WARN_ENUM_CONVERSION = YES;
				CLANG_WARN_INFINITE_RECURSION = YES;
				CLANG_WARN_INT_CONVERSION = YES;
				CLANG_WARN_NON_LITERAL_NULL_CONVERSION = YES;
				CLANG_WARN_OBJC_IMPLICIT_RETAIN_SELF = YES;
				CLANG_WARN_OBJC_LITERAL_CONVERSION = YES;
				CLANG_WARN_OBJC_ROOT_CLASS = YES_ERROR;
				CLANG_WARN_RANGE_LOOP_ANALYSIS = YES;
				CLANG_WARN_STRICT_PROTOTYPES = YES;
				CLANG_WARN_SUSPICIOUS_MOVE = YES;
				CLANG_WARN_UNGUARDED_AVAILABILITY = YES_AGGRESSIVE;
				CLANG_WARN_UNREACHABLE_CODE = YES;
				CLANG_WARN__DUPLICATE_METHOD_MATCH = YES;
				COPY_PHASE_STRIP = NO;
				DEBUG_INFORMATION_FORMAT = dwarf;
				ENABLE_STRICT_OBJC_MSGSEND = YES;
				ENABLE_TESTABILITY = YES;
				GCC_C_LANGUAGE_STANDARD = gnu11;
				GCC_DYNAMIC_NO_PIC = NO;
				GCC_NO_COMMON_BLOCKS = YES;
				GCC_OPTIMIZATION_LEVEL = 0;
				GCC_PREPROCESSOR_DEFINITIONS = (
					"DEBUG=1",
					"$(inherited)",
				);
				GCC_WARN_64_TO_32_BIT_CONVERSION = YES;
				GCC_WARN_ABOUT_RETURN_TYPE = YES_ERROR;
				GCC_WARN_UNDECLARED_SELECTOR = YES;
				GCC_WARN_UNINITIALIZED_AUTOS = YES_AGGRESSIVE;
				GCC_WARN_UNUSED_FUNCTION = YES;
				GCC_WARN_UNUSED_VARIABLE = YES;
				IPHONEOS_DEPLOYMENT_TARGET = 13.5;
				MTL_ENABLE_DEBUG_INFO = INCLUDE_SOURCE;
				MTL_FAST_MATH = YES;
				ONLY_ACTIVE_ARCH = YES;
				SDKROOT = iphoneos;
				SWIFT_ACTIVE_COMPILATION_CONDITIONS = DEBUG;
				SWIFT_OPTIMIZATION_LEVEL = "-Onone";
			};
			name = Debug;
		};
		E25003A324B9F58900668971 /* Release */ = {
			isa = XCBuildConfiguration;
			buildSettings = {
				ALWAYS_SEARCH_USER_PATHS = NO;
				CLANG_ANALYZER_NONNULL = YES;
				CLANG_ANALYZER_NUMBER_OBJECT_CONVERSION = YES_AGGRESSIVE;
				CLANG_CXX_LANGUAGE_STANDARD = "gnu++14";
				CLANG_CXX_LIBRARY = "libc++";
				CLANG_ENABLE_MODULES = YES;
				CLANG_ENABLE_OBJC_ARC = YES;
				CLANG_ENABLE_OBJC_WEAK = YES;
				CLANG_WARN_BLOCK_CAPTURE_AUTORELEASING = YES;
				CLANG_WARN_BOOL_CONVERSION = YES;
				CLANG_WARN_COMMA = YES;
				CLANG_WARN_CONSTANT_CONVERSION = YES;
				CLANG_WARN_DEPRECATED_OBJC_IMPLEMENTATIONS = YES;
				CLANG_WARN_DIRECT_OBJC_ISA_USAGE = YES_ERROR;
				CLANG_WARN_DOCUMENTATION_COMMENTS = YES;
				CLANG_WARN_EMPTY_BODY = YES;
				CLANG_WARN_ENUM_CONVERSION = YES;
				CLANG_WARN_INFINITE_RECURSION = YES;
				CLANG_WARN_INT_CONVERSION = YES;
				CLANG_WARN_NON_LITERAL_NULL_CONVERSION = YES;
				CLANG_WARN_OBJC_IMPLICIT_RETAIN_SELF = YES;
				CLANG_WARN_OBJC_LITERAL_CONVERSION = YES;
				CLANG_WARN_OBJC_ROOT_CLASS = YES_ERROR;
				CLANG_WARN_RANGE_LOOP_ANALYSIS = YES;
				CLANG_WARN_STRICT_PROTOTYPES = YES;
				CLANG_WARN_SUSPICIOUS_MOVE = YES;
				CLANG_WARN_UNGUARDED_AVAILABILITY = YES_AGGRESSIVE;
				CLANG_WARN_UNREACHABLE_CODE = YES;
				CLANG_WARN__DUPLICATE_METHOD_MATCH = YES;
				COPY_PHASE_STRIP = NO;
				DEBUG_INFORMATION_FORMAT = "dwarf-with-dsym";
				ENABLE_NS_ASSERTIONS = NO;
				ENABLE_STRICT_OBJC_MSGSEND = YES;
				GCC_C_LANGUAGE_STANDARD = gnu11;
				GCC_NO_COMMON_BLOCKS = YES;
				GCC_WARN_64_TO_32_BIT_CONVERSION = YES;
				GCC_WARN_ABOUT_RETURN_TYPE = YES_ERROR;
				GCC_WARN_UNDECLARED_SELECTOR = YES;
				GCC_WARN_UNINITIALIZED_AUTOS = YES_AGGRESSIVE;
				GCC_WARN_UNUSED_FUNCTION = YES;
				GCC_WARN_UNUSED_VARIABLE = YES;
				IPHONEOS_DEPLOYMENT_TARGET = 13.5;
				MTL_ENABLE_DEBUG_INFO = NO;
				MTL_FAST_MATH = YES;
				SDKROOT = iphoneos;
				SWIFT_COMPILATION_MODE = wholemodule;
				SWIFT_OPTIMIZATION_LEVEL = "-O";
				VALIDATE_PRODUCT = YES;
			};
			name = Release;
		};
		E25003A524B9F58900668971 /* Debug */ = {
			isa = XCBuildConfiguration;
			buildSettings = {
				ASSETCATALOG_COMPILER_APPICON_NAME = AppIcon;
				CODE_SIGN_STYLE = Automatic;
				DEVELOPMENT_ASSET_PATHS = "\"WeSplit/Preview Content\"";
				DEVELOPMENT_TEAM = C3BX32XR8J;
				ENABLE_PREVIEWS = YES;
				INFOPLIST_FILE = WeSplit/Info.plist;
				LD_RUNPATH_SEARCH_PATHS = (
					"$(inherited)",
					"@executable_path/Frameworks",
				);
				PRODUCT_BUNDLE_IDENTIFIER = com.kasprasols.WeSplit;
				PRODUCT_NAME = "$(TARGET_NAME)";
				SWIFT_VERSION = 5.0;
				TARGETED_DEVICE_FAMILY = "1,2";
			};
			name = Debug;
		};
		E25003A624B9F58900668971 /* Release */ = {
			isa = XCBuildConfiguration;
			buildSettings = {
				ASSETCATALOG_COMPILER_APPICON_NAME = AppIcon;
				CODE_SIGN_STYLE = Automatic;
				DEVELOPMENT_ASSET_PATHS = "\"WeSplit/Preview Content\"";
				DEVELOPMENT_TEAM = C3BX32XR8J;
				ENABLE_PREVIEWS = YES;
				INFOPLIST_FILE = WeSplit/Info.plist;
				LD_RUNPATH_SEARCH_PATHS = (
					"$(inherited)",
					"@executable_path/Frameworks",
				);
				PRODUCT_BUNDLE_IDENTIFIER = com.kasprasols.WeSplit;
				PRODUCT_NAME = "$(TARGET_NAME)";
				SWIFT_VERSION = 5.0;
				TARGETED_DEVICE_FAMILY = "1,2";
			};
			name = Release;
		};
/* End XCBuildConfiguration section */

/* Begin XCConfigurationList section */
		E250038B24B9F58700668971 /* Build configuration list for PBXProject "WeSplit" */ = {
			isa = XCConfigurationList;
			buildConfigurations = (
				E25003A224B9F58900668971 /* Debug */,
				E25003A324B9F58900668971 /* Release */,
			);
			defaultConfigurationIsVisible = 0;
			defaultConfigurationName = Release;
		};
		E25003A424B9F58900668971 /* Build configuration list for PBXNativeTarget "WeSplit" */ = {
			isa = XCConfigurationList;
			buildConfigurations = (
				E25003A524B9F58900668971 /* Debug */,
				E25003A624B9F58900668971 /* Release */,
			);
			defaultConfigurationIsVisible = 0;
			defaultConfigurationName = Release;
		};
/* End XCConfigurationList section */
	};
	rootObject = E250038824B9F58700668971 /* Project object */;
}
